
Microsoft Visual Studio Solution File, Format Version 12.00
# Visual Studio Version 17
VisualStudioVersion = 17.9.34622.214
MinimumVisualStudioVersion = 10.0.40219.1
Project("{8BC9CEB8-8B4A-11D0-8D11-00A0C91BC942}") = "program", "program.vcxproj", "{527F540F-991F-4308-8514-F9C4527EF52A}"
EndProject
Project("{8BC9CEB8-8B4A-11D0-8D11-00A0C91BC942}") = "class 1st(stream)", "class 1st(stream)\class 1st(stream).vcxproj", "{2196A693-9D40-4AFA-9874-5143E3F03779}"
EndProject
Project("{8BC9CEB8-8B4A-11D0-8D11-00A0C91BC942}") = "class 2nd (class)", "..\class 2nd (class)\class 2nd (class).vcxproj", "{958F571B-309C-4418-B890-46CB7FB4960D}"
EndProject
Project("{8BC9CEB8-8B4A-11D0-8D11-00A0C91BC942}") = "class 3rd", "..\class 3rd\class 3rd.vcxproj", "{6273E980-BCDB-42EC-AA29-41E20D62081C}"
EndProject
Project("{8BC9CEB8-8B4A-11D0-8D11-00A0C91BC942}") = "class 4th(inheionse)", "..\class 4th\class 4th.vcxproj", "{F5FFB219-A9CF-4E57-8497-0A65AC5847E7}"
EndProject
Project("{8BC9CEB8-8B4A-11D0-8D11-00A0C91BC942}") = "class 5th (Polymorphism)", "..\class 5th (Polymorphism)\class 5th (Polymorphism).vcxproj", "{F96AAEB6-104A-4F89-A40A-1E294C010E5A}"
EndProject
Project("{8BC9CEB8-8B4A-11D0-8D11-00A0C91BC942}") = "class 6th(pure virtual funtion)", "..\class 6th(pure virtual funtion)\class 6th(pure virtual funtion).vcxproj", "{616EA437-DCF1-49E8-8A63-BBEEDE6137BA}"
EndProject
Project("{8BC9CEB8-8B4A-11D0-8D11-00A0C91BC942}") = "class 7th(Multiple inheritance)", "..\class 7th(Multiple inheritance)\class 7th(Multiple inheritance).vcxproj", "{ACF810C8-C0DB-461B-8FEB-4ED5BD13D323}"
EndProject
Project("{8BC9CEB8-8B4A-11D0-8D11-00A0C91BC942}") = "class 8th(Object slice)", "..\class 8th(Object slice)\class 8th(Object slice).vcxproj", "{D33273E9-B904-413D-9B88-DEABEBA68C1E}"
EndProject
Project("{8BC9CEB8-8B4A-11D0-8D11-00A0C91BC942}") = "class 9th (operator overloading)", "..\class 9th\class 9th.vcxproj", "{EF27835B-52BA-4611-AE0F-77570D41062A}"
EndProject
Project("{8BC9CEB8-8B4A-11D0-8D11-00A0C91BC942}") = "class 10th(friend)", "..\class 10th(friend)\class 10th(friend).vcxproj", "{09695B06-54D3-4A1B-B52A-A21B7F9EC8A8}"
EndProject
Project("{8BC9CEB8-8B4A-11D0-8D11-00A0C91BC942}") = "class 11th (smart pointer)", "..\class 11th (smart pointer)\class 11th (smart pointer).vcxproj", "{5227067C-031D-4803-AF33-A32B6DDC78CC}"
EndProject
Project("{8BC9CEB8-8B4A-11D0-8D11-00A0C91BC942}") = "class 13th(liner container)", "..\class 13th(liner container)\class 13th(liner container).vcxproj", "{7BB4DEA2-CD54-48AD-B7A2-B0998C6BA5B8}"
EndProject
Project("{8BC9CEB8-8B4A-11D0-8D11-00A0C91BC942}") = "class 14th (container adapter)", "..\class 14th (container adapter)\class 14th (container adapter).vcxproj", "{51E6ADD9-B691-4AAE-82CA-7609D0FFFDE9}"
EndProject
Global
	GlobalSection(SolutionConfigurationPlatforms) = preSolution
		Debug|x64 = Debug|x64
		Debug|x86 = Debug|x86
		Release|x64 = Release|x64
		Release|x86 = Release|x86
	EndGlobalSection
	GlobalSection(ProjectConfigurationPlatforms) = postSolution
		{527F540F-991F-4308-8514-F9C4527EF52A}.Debug|x64.ActiveCfg = Debug|x64
		{527F540F-991F-4308-8514-F9C4527EF52A}.Debug|x64.Build.0 = Debug|x64
		{527F540F-991F-4308-8514-F9C4527EF52A}.Debug|x86.ActiveCfg = Debug|Win32
		{527F540F-991F-4308-8514-F9C4527EF52A}.Debug|x86.Build.0 = Debug|Win32
		{527F540F-991F-4308-8514-F9C4527EF52A}.Release|x64.ActiveCfg = Release|x64
		{527F540F-991F-4308-8514-F9C4527EF52A}.Release|x64.Build.0 = Release|x64
		{527F540F-991F-4308-8514-F9C4527EF52A}.Release|x86.ActiveCfg = Release|Win32
		{527F540F-991F-4308-8514-F9C4527EF52A}.Release|x86.Build.0 = Release|Win32
		{2196A693-9D40-4AFA-9874-5143E3F03779}.Debug|x64.ActiveCfg = Debug|x64
		{2196A693-9D40-4AFA-9874-5143E3F03779}.Debug|x64.Build.0 = Debug|x64
		{2196A693-9D40-4AFA-9874-5143E3F03779}.Debug|x86.ActiveCfg = Debug|Win32
		{2196A693-9D40-4AFA-9874-5143E3F03779}.Debug|x86.Build.0 = Debug|Win32
		{2196A693-9D40-4AFA-9874-5143E3F03779}.Release|x64.ActiveCfg = Release|x64
		{2196A693-9D40-4AFA-9874-5143E3F03779}.Release|x64.Build.0 = Release|x64
		{2196A693-9D40-4AFA-9874-5143E3F03779}.Release|x86.ActiveCfg = Release|Win32
		{2196A693-9D40-4AFA-9874-5143E3F03779}.Release|x86.Build.0 = Release|Win32
		{958F571B-309C-4418-B890-46CB7FB4960D}.Debug|x64.ActiveCfg = Debug|x64
		{958F571B-309C-4418-B890-46CB7FB4960D}.Debug|x64.Build.0 = Debug|x64
		{958F571B-309C-4418-B890-46CB7FB4960D}.Debug|x86.ActiveCfg = Debug|Win32
		{958F571B-309C-4418-B890-46CB7FB4960D}.Debug|x86.Build.0 = Debug|Win32
		{958F571B-309C-4418-B890-46CB7FB4960D}.Release|x64.ActiveCfg = Release|x64
		{958F571B-309C-4418-B890-46CB7FB4960D}.Release|x64.Build.0 = Release|x64
		{958F571B-309C-4418-B890-46CB7FB4960D}.Release|x86.ActiveCfg = Release|Win32
		{958F571B-309C-4418-B890-46CB7FB4960D}.Release|x86.Build.0 = Release|Win32
		{6273E980-BCDB-42EC-AA29-41E20D62081C}.Debug|x64.ActiveCfg = Debug|x64
		{6273E980-BCDB-42EC-AA29-41E20D62081C}.Debug|x64.Build.0 = Debug|x64
		{6273E980-BCDB-42EC-AA29-41E20D62081C}.Debug|x86.ActiveCfg = Debug|Win32
		{6273E980-BCDB-42EC-AA29-41E20D62081C}.Debug|x86.Build.0 = Debug|Win32
		{6273E980-BCDB-42EC-AA29-41E20D62081C}.Release|x64.ActiveCfg = Release|x64
		{6273E980-BCDB-42EC-AA29-41E20D62081C}.Release|x64.Build.0 = Release|x64
		{6273E980-BCDB-42EC-AA29-41E20D62081C}.Release|x86.ActiveCfg = Release|Win32
		{6273E980-BCDB-42EC-AA29-41E20D62081C}.Release|x86.Build.0 = Release|Win32
		{F5FFB219-A9CF-4E57-8497-0A65AC5847E7}.Debug|x64.ActiveCfg = Debug|x64
		{F5FFB219-A9CF-4E57-8497-0A65AC5847E7}.Debug|x64.Build.0 = Debug|x64
		{F5FFB219-A9CF-4E57-8497-0A65AC5847E7}.Debug|x86.ActiveCfg = Debug|Win32
		{F5FFB219-A9CF-4E57-8497-0A65AC5847E7}.Debug|x86.Build.0 = Debug|Win32
		{F5FFB219-A9CF-4E57-8497-0A65AC5847E7}.Release|x64.ActiveCfg = Release|x64
		{F5FFB219-A9CF-4E57-8497-0A65AC5847E7}.Release|x64.Build.0 = Release|x64
		{F5FFB219-A9CF-4E57-8497-0A65AC5847E7}.Release|x86.ActiveCfg = Release|Win32
		{F5FFB219-A9CF-4E57-8497-0A65AC5847E7}.Release|x86.Build.0 = Release|Win32
		{F96AAEB6-104A-4F89-A40A-1E294C010E5A}.Debug|x64.ActiveCfg = Debug|x64
		{F96AAEB6-104A-4F89-A40A-1E294C010E5A}.Debug|x64.Build.0 = Debug|x64
		{F96AAEB6-104A-4F89-A40A-1E294C010E5A}.Debug|x86.ActiveCfg = Debug|Win32
		{F96AAEB6-104A-4F89-A40A-1E294C010E5A}.Debug|x86.Build.0 = Debug|Win32
		{F96AAEB6-104A-4F89-A40A-1E294C010E5A}.Release|x64.ActiveCfg = Release|x64
		{F96AAEB6-104A-4F89-A40A-1E294C010E5A}.Release|x64.Build.0 = Release|x64
		{F96AAEB6-104A-4F89-A40A-1E294C010E5A}.Release|x86.ActiveCfg = Release|Win32
		{F96AAEB6-104A-4F89-A40A-1E294C010E5A}.Release|x86.Build.0 = Release|Win32
		{616EA437-DCF1-49E8-8A63-BBEEDE6137BA}.Debug|x64.ActiveCfg = Debug|x64
		{616EA437-DCF1-49E8-8A63-BBEEDE6137BA}.Debug|x64.Build.0 = Debug|x64
		{616EA437-DCF1-49E8-8A63-BBEEDE6137BA}.Debug|x86.ActiveCfg = Debug|Win32
		{616EA437-DCF1-49E8-8A63-BBEEDE6137BA}.Debug|x86.Build.0 = Debug|Win32
		{616EA437-DCF1-49E8-8A63-BBEEDE6137BA}.Release|x64.ActiveCfg = Release|x64
		{616EA437-DCF1-49E8-8A63-BBEEDE6137BA}.Release|x64.Build.0 = Release|x64
		{616EA437-DCF1-49E8-8A63-BBEEDE6137BA}.Release|x86.ActiveCfg = Release|Win32
		{616EA437-DCF1-49E8-8A63-BBEEDE6137BA}.Release|x86.Build.0 = Release|Win32
		{ACF810C8-C0DB-461B-8FEB-4ED5BD13D323}.Debug|x64.ActiveCfg = Debug|x64
		{ACF810C8-C0DB-461B-8FEB-4ED5BD13D323}.Debug|x64.Build.0 = Debug|x64
		{ACF810C8-C0DB-461B-8FEB-4ED5BD13D323}.Debug|x86.ActiveCfg = Debug|Win32
		{ACF810C8-C0DB-461B-8FEB-4ED5BD13D323}.Debug|x86.Build.0 = Debug|Win32
		{ACF810C8-C0DB-461B-8FEB-4ED5BD13D323}.Release|x64.ActiveCfg = Release|x64
		{ACF810C8-C0DB-461B-8FEB-4ED5BD13D323}.Release|x64.Build.0 = Release|x64
		{ACF810C8-C0DB-461B-8FEB-4ED5BD13D323}.Release|x86.ActiveCfg = Release|Win32
		{ACF810C8-C0DB-461B-8FEB-4ED5BD13D323}.Release|x86.Build.0 = Release|Win32
		{D33273E9-B904-413D-9B88-DEABEBA68C1E}.Debug|x64.ActiveCfg = Debug|x64
		{D33273E9-B904-413D-9B88-DEABEBA68C1E}.Debug|x64.Build.0 = Debug|x64
		{D33273E9-B904-413D-9B88-DEABEBA68C1E}.Debug|x86.ActiveCfg = Debug|Win32
		{D33273E9-B904-413D-9B88-DEABEBA68C1E}.Debug|x86.Build.0 = Debug|Win32
		{D33273E9-B904-413D-9B88-DEABEBA68C1E}.Release|x64.ActiveCfg = Release|x64
		{D33273E9-B904-413D-9B88-DEABEBA68C1E}.Release|x64.Build.0 = Release|x64
		{D33273E9-B904-413D-9B88-DEABEBA68C1E}.Release|x86.ActiveCfg = Release|Win32
		{D33273E9-B904-413D-9B88-DEABEBA68C1E}.Release|x86.Build.0 = Release|Win32
		{EF27835B-52BA-4611-AE0F-77570D41062A}.Debug|x64.ActiveCfg = Debug|x64
		{EF27835B-52BA-4611-AE0F-77570D41062A}.Debug|x64.Build.0 = Debug|x64
		{EF27835B-52BA-4611-AE0F-77570D41062A}.Debug|x86.ActiveCfg = Debug|Win32
		{EF27835B-52BA-4611-AE0F-77570D41062A}.Debug|x86.Build.0 = Debug|Win32
		{EF27835B-52BA-4611-AE0F-77570D41062A}.Release|x64.ActiveCfg = Release|x64
		{EF27835B-52BA-4611-AE0F-77570D41062A}.Release|x64.Build.0 = Release|x64
		{EF27835B-52BA-4611-AE0F-77570D41062A}.Release|x86.ActiveCfg = Release|Win32
		{EF27835B-52BA-4611-AE0F-77570D41062A}.Release|x86.Build.0 = Release|Win32
		{09695B06-54D3-4A1B-B52A-A21B7F9EC8A8}.Debug|x64.ActiveCfg = Debug|x64
		{09695B06-54D3-4A1B-B52A-A21B7F9EC8A8}.Debug|x64.Build.0 = Debug|x64
		{09695B06-54D3-4A1B-B52A-A21B7F9EC8A8}.Debug|x86.ActiveCfg = Debug|Win32
		{09695B06-54D3-4A1B-B52A-A21B7F9EC8A8}.Debug|x86.Build.0 = Debug|Win32
		{09695B06-54D3-4A1B-B52A-A21B7F9EC8A8}.Release|x64.ActiveCfg = Release|x64
		{09695B06-54D3-4A1B-B52A-A21B7F9EC8A8}.Release|x64.Build.0 = Release|x64
		{09695B06-54D3-4A1B-B52A-A21B7F9EC8A8}.Release|x86.ActiveCfg = Release|Win32
		{09695B06-54D3-4A1B-B52A-A21B7F9EC8A8}.Release|x86.Build.0 = Release|Win32
		{5227067C-031D-4803-AF33-A32B6DDC78CC}.Debug|x64.ActiveCfg = Debug|x64
		{5227067C-031D-4803-AF33-A32B6DDC78CC}.Debug|x64.Build.0 = Debug|x64
		{5227067C-031D-4803-AF33-A32B6DDC78CC}.Debug|x86.ActiveCfg = Debug|Win32
		{5227067C-031D-4803-AF33-A32B6DDC78CC}.Debug|x86.Build.0 = Debug|Win32
		{5227067C-031D-4803-AF33-A32B6DDC78CC}.Release|x64.ActiveCfg = Release|x64
		{5227067C-031D-4803-AF33-A32B6DDC78CC}.Release|x64.Build.0 = Release|x64
		{5227067C-031D-4803-AF33-A32B6DDC78CC}.Release|x86.ActiveCfg = Release|Win32
		{5227067C-031D-4803-AF33-A32B6DDC78CC}.Release|x86.Build.0 = Release|Win32
		{7BB4DEA2-CD54-48AD-B7A2-B0998C6BA5B8}.Debug|x64.ActiveCfg = Debug|x64
		{7BB4DEA2-CD54-48AD-B7A2-B0998C6BA5B8}.Debug|x64.Build.0 = Debug|x64
		{7BB4DEA2-CD54-48AD-B7A2-B0998C6BA5B8}.Debug|x86.ActiveCfg = Debug|Win32
		{7BB4DEA2-CD54-48AD-B7A2-B0998C6BA5B8}.Debug|x86.Build.0 = Debug|Win32
		{7BB4DEA2-CD54-48AD-B7A2-B0998C6BA5B8}.Release|x64.ActiveCfg = Release|x64
		{7BB4DEA2-CD54-48AD-B7A2-B0998C6BA5B8}.Release|x64.Build.0 = Release|x64
		{7BB4DEA2-CD54-48AD-B7A2-B0998C6BA5B8}.Release|x86.ActiveCfg = Release|Win32
		{7BB4DEA2-CD54-48AD-B7A2-B0998C6BA5B8}.Release|x86.Build.0 = Release|Win32
		{51E6ADD9-B691-4AAE-82CA-7609D0FFFDE9}.Debug|x64.ActiveCfg = Debug|x64
		{51E6ADD9-B691-4AAE-82CA-7609D0FFFDE9}.Debug|x64.Build.0 = Debug|x64
		{51E6ADD9-B691-4AAE-82CA-7609D0FFFDE9}.Debug|x86.ActiveCfg = Debug|Win32
		{51E6ADD9-B691-4AAE-82CA-7609D0FFFDE9}.Debug|x86.Build.0 = Debug|Win32
		{51E6ADD9-B691-4AAE-82CA-7609D0FFFDE9}.Release|x64.ActiveCfg = Release|x64
		{51E6ADD9-B691-4AAE-82CA-7609D0FFFDE9}.Release|x64.Build.0 = Release|x64
		{51E6ADD9-B691-4AAE-82CA-7609D0FFFDE9}.Release|x86.ActiveCfg = Release|Win32
		{51E6ADD9-B691-4AAE-82CA-7609D0FFFDE9}.Release|x86.Build.0 = Release|Win32
	EndGlobalSection
	GlobalSection(SolutionProperties) = preSolution
		HideSolutionNode = FALSE
	EndGlobalSection
	GlobalSection(ExtensibilityGlobals) = postSolution
		SolutionGuid = {1FBB72BC-95CB-40E2-82AA-F8345A0FA886}
	EndGlobalSection
EndGlobal
